
Microsoft Visual Studio Solution File, Format Version 12.00
# Visual Studio Version 16
VisualStudioVersion = 16.0.30413.136
MinimumVisualStudioVersion = 10.0.40219.1
Project("{FAE04EC0-301F-11D3-BF4B-00C04F79EFBC}") = "Hello World", "Hello World.csproj", "{D531687A-514C-4860-B7C2-F5E2A911754E}"
EndProject
Project("{FAE04EC0-301F-11D3-BF4B-00C04F79EFBC}") = "Temperatur", "..\Temperatur\Temperatur.csproj", "{F6644FD5-1A12-42B9-BD76-5D01D0A4930F}"
EndProject
Project("{FAE04EC0-301F-11D3-BF4B-00C04F79EFBC}") = "Iteration", "..\Iteration\Iteration.csproj", "{0740EFD7-97CA-4A7A-B2A4-9D4C2ECD10E3}"
EndProject
Project("{FAE04EC0-301F-11D3-BF4B-00C04F79EFBC}") = "Switchcase", "..\Switchcase\Switchcase.csproj", "{F3AD7913-D8BA-4D39-AE61-9AB9F22EF52B}"
EndProject
Project("{FAE04EC0-301F-11D3-BF4B-00C04F79EFBC}") = "Multiprogramm", "..\Multiprogramm\Multiprogramm.csproj", "{39CDBC43-D542-4BC7-BBB9-4AECB68E308C}"
EndProject
Project("{FAE04EC0-301F-11D3-BF4B-00C04F79EFBC}") = "Zufallsgenerator", "..\Zufallsgenerator\Zufallsgenerator.csproj", "{81E16902-A111-43FE-92C3-72CA10C4AE1A}"
EndProject
Project("{FAE04EC0-301F-11D3-BF4B-00C04F79EFBC}") = "Sateliten Calculator", "..\Sateliten Calculator\Sateliten Calculator.csproj", "{F909E0C5-A5C3-49D9-9E15-44B99590732B}"
EndProject
Global
	GlobalSection(SolutionConfigurationPlatforms) = preSolution
		Debug|Any CPU = Debug|Any CPU
		Release|Any CPU = Release|Any CPU
	EndGlobalSection
	GlobalSection(ProjectConfigurationPlatforms) = postSolution
		{D531687A-514C-4860-B7C2-F5E2A911754E}.Debug|Any CPU.ActiveCfg = Debug|Any CPU
		{D531687A-514C-4860-B7C2-F5E2A911754E}.Debug|Any CPU.Build.0 = Debug|Any CPU
		{D531687A-514C-4860-B7C2-F5E2A911754E}.Release|Any CPU.ActiveCfg = Release|Any CPU
		{D531687A-514C-4860-B7C2-F5E2A911754E}.Release|Any CPU.Build.0 = Release|Any CPU
		{F6644FD5-1A12-42B9-BD76-5D01D0A4930F}.Debug|Any CPU.ActiveCfg = Debug|Any CPU
		{F6644FD5-1A12-42B9-BD76-5D01D0A4930F}.Debug|Any CPU.Build.0 = Debug|Any CPU
		{F6644FD5-1A12-42B9-BD76-5D01D0A4930F}.Release|Any CPU.ActiveCfg = Release|Any CPU
		{F6644FD5-1A12-42B9-BD76-5D01D0A4930F}.Release|Any CPU.Build.0 = Release|Any CPU
		{0740EFD7-97CA-4A7A-B2A4-9D4C2ECD10E3}.Debug|Any CPU.ActiveCfg = Debug|Any CPU
		{0740EFD7-97CA-4A7A-B2A4-9D4C2ECD10E3}.Debug|Any CPU.Build.0 = Debug|Any CPU
		{0740EFD7-97CA-4A7A-B2A4-9D4C2ECD10E3}.Release|Any CPU.ActiveCfg = Release|Any CPU
		{0740EFD7-97CA-4A7A-B2A4-9D4C2ECD10E3}.Release|Any CPU.Build.0 = Release|Any CPU
		{F3AD7913-D8BA-4D39-AE61-9AB9F22EF52B}.Debug|Any CPU.ActiveCfg = Debug|Any CPU
		{F3AD7913-D8BA-4D39-AE61-9AB9F22EF52B}.Debug|Any CPU.Build.0 = Debug|Any CPU
		{F3AD7913-D8BA-4D39-AE61-9AB9F22EF52B}.Release|Any CPU.ActiveCfg = Release|Any CPU
		{F3AD7913-D8BA-4D39-AE61-9AB9F22EF52B}.Release|Any CPU.Build.0 = Release|Any CPU
		{39CDBC43-D542-4BC7-BBB9-4AECB68E308C}.Debug|Any CPU.ActiveCfg = Debug|Any CPU
		{39CDBC43-D542-4BC7-BBB9-4AECB68E308C}.Debug|Any CPU.Build.0 = Debug|Any CPU
		{39CDBC43-D542-4BC7-BBB9-4AECB68E308C}.Release|Any CPU.ActiveCfg = Release|Any CPU
		{39CDBC43-D542-4BC7-BBB9-4AECB68E308C}.Release|Any CPU.Build.0 = Release|Any CPU
		{81E16902-A111-43FE-92C3-72CA10C4AE1A}.Debug|Any CPU.ActiveCfg = Debug|Any CPU
		{81E16902-A111-43FE-92C3-72CA10C4AE1A}.Debug|Any CPU.Build.0 = Debug|Any CPU
		{81E16902-A111-43FE-92C3-72CA10C4AE1A}.Release|Any CPU.ActiveCfg = Release|Any CPU
		{81E16902-A111-43FE-92C3-72CA10C4AE1A}.Release|Any CPU.Build.0 = Release|Any CPU
		{F909E0C5-A5C3-49D9-9E15-44B99590732B}.Debug|Any CPU.ActiveCfg = Debug|Any CPU
		{F909E0C5-A5C3-49D9-9E15-44B99590732B}.Debug|Any CPU.Build.0 = Debug|Any CPU
		{F909E0C5-A5C3-49D9-9E15-44B99590732B}.Release|Any CPU.ActiveCfg = Release|Any CPU
		{F909E0C5-A5C3-49D9-9E15-44B99590732B}.Release|Any CPU.Build.0 = Release|Any CPU
	EndGlobalSection
	GlobalSection(SolutionProperties) = preSolution
		HideSolutionNode = FALSE
	EndGlobalSection
	GlobalSection(ExtensibilityGlobals) = postSolution
		SolutionGuid = {B71CD608-DAD2-4538-966B-A113C7995F03}
	EndGlobalSection
EndGlobal
